
Microsoft Visual Studio Solution File, Format Version 12.00
# Visual Studio 15
VisualStudioVersion = 15.0.27130.2024
MinimumVisualStudioVersion = 10.0.40219.1
Project("{FAE04EC0-301F-11D3-BF4B-00C04F79EFBC}") = "Data Types", "W3Schools\Data Types.csproj", "{4BB52573-D3E4-445C-9E51-628735E14BA7}"
EndProject
Global
	GlobalSection(SolutionConfigurationPlatforms) = preSolution
		Debug|Any CPU = Debug|Any CPU
		Release|Any CPU = Release|Any CPU
	EndGlobalSection
	GlobalSection(ProjectConfigurationPlatforms) = postSolution
		{4BB52573-D3E4-445C-9E51-628735E14BA7}.Debug|Any CPU.ActiveCfg = Debug|Any CPU
		{4BB52573-D3E4-445C-9E51-628735E14BA7}.Debug|Any CPU.Build.0 = Debug|Any CPU
		{4BB52573-D3E4-445C-9E51-628735E14BA7}.Release|Any CPU.ActiveCfg = Release|Any CPU
		{4BB52573-D3E4-445C-9E51-628735E14BA7}.Release|Any CPU.Build.0 = Release|Any CPU
	EndGlobalSection
	GlobalSection(SolutionProperties) = preSolution
		HideSolutionNode = FALSE
	EndGlobalSection
	GlobalSection(ExtensibilityGlobals) = postSolution
		SolutionGuid = {FD868285-D757-476C-845E-8DBF41B9D692}
	EndGlobalSection
EndGlobal
